// !$*UTF8*$!
{
	archiveVersion = 1;
	classes = {
	};
	objectVersion = 46;
	objects = {

/* Begin PBXBuildFile section */
		EA27804A136DAD6A00E3065A /* WTMGlyphDelegate.h in Headers */ = {isa = PBXBuildFile; fileRef = EA278049136DAD6A00E3065A /* WTMGlyphDelegate.h */; };
		EA278050136DB9D400E3065A /* WTMGlyphDefaults.h in Headers */ = {isa = PBXBuildFile; fileRef = EA27804E136DB9D400E3065A /* WTMGlyphDefaults.h */; };
		EA278051136DB9D400E3065A /* WTMGlyphDefaults.m in Sources */ = {isa = PBXBuildFile; fileRef = EA27804F136DB9D400E3065A /* WTMGlyphDefaults.m */; };
		EA4860ED1380411900E40C6C /* WTMGlyphUtilities.h in Headers */ = {isa = PBXBuildFile; fileRef = EA4860EB1380411900E40C6C /* WTMGlyphUtilities.h */; };
		EA4860EE1380411900E40C6C /* WTMGlyphUtilities.m in Sources */ = {isa = PBXBuildFile; fileRef = EA4860EC1380411900E40C6C /* WTMGlyphUtilities.m */; };
		EA5836FE137F6BDF0074BB72 /* WTMGlyphStroke.h in Headers */ = {isa = PBXBuildFile; fileRef = EA5836FC137F6BDF0074BB72 /* WTMGlyphStroke.h */; };
		EA5836FF137F6BDF0074BB72 /* WTMGlyphStroke.m in Sources */ = {isa = PBXBuildFile; fileRef = EA5836FD137F6BDF0074BB72 /* WTMGlyphStroke.m */; };
		EA583703138015020074BB72 /* WTMGlyphTemplate.h in Headers */ = {isa = PBXBuildFile; fileRef = EA583701138015020074BB72 /* WTMGlyphTemplate.h */; };
		EA583704138015020074BB72 /* WTMGlyphTemplate.m in Sources */ = {isa = PBXBuildFile; fileRef = EA583702138015020074BB72 /* WTMGlyphTemplate.m */; };
		EA6C92FA136DA457008AD709 /* Foundation.framework in Frameworks */ = {isa = PBXBuildFile; fileRef = EA6C92F9136DA457008AD709 /* Foundation.framework */; };
		EA6C9321136DA48E008AD709 /* WTMGlyph.h in Headers */ = {isa = PBXBuildFile; fileRef = EA6C931F136DA48E008AD709 /* WTMGlyph.h */; };
		EA6C9322136DA48E008AD709 /* WTMGlyph.m in Sources */ = {isa = PBXBuildFile; fileRef = EA6C9320136DA48E008AD709 /* WTMGlyph.m */; };
		EA6C9325136DA5CE008AD709 /* WTMGlyphDetector.h in Headers */ = {isa = PBXBuildFile; fileRef = EA6C9323136DA5CE008AD709 /* WTMGlyphDetector.h */; };
		EA6C9326136DA5CE008AD709 /* WTMGlyphDetector.m in Sources */ = {isa = PBXBuildFile; fileRef = EA6C9324136DA5CE008AD709 /* WTMGlyphDetector.m */; };
/* End PBXBuildFile section */

/* Begin PBXFileReference section */
		EA278049136DAD6A00E3065A /* WTMGlyphDelegate.h */ = {isa = PBXFileReference; fileEncoding = 4; lastKnownFileType = sourcecode.c.h; path = WTMGlyphDelegate.h; sourceTree = "<group>"; };
		EA27804E136DB9D400E3065A /* WTMGlyphDefaults.h */ = {isa = PBXFileReference; fileEncoding = 4; lastKnownFileType = sourcecode.c.h; path = WTMGlyphDefaults.h; sourceTree = "<group>"; };
		EA27804F136DB9D400E3065A /* WTMGlyphDefaults.m */ = {isa = PBXFileReference; fileEncoding = 4; lastKnownFileType = sourcecode.c.objc; path = WTMGlyphDefaults.m; sourceTree = "<group>"; };
		EA4860EB1380411900E40C6C /* WTMGlyphUtilities.h */ = {isa = PBXFileReference; fileEncoding = 4; lastKnownFileType = sourcecode.c.h; path = WTMGlyphUtilities.h; sourceTree = "<group>"; };
		EA4860EC1380411900E40C6C /* WTMGlyphUtilities.m */ = {isa = PBXFileReference; fileEncoding = 4; lastKnownFileType = sourcecode.c.objc; path = WTMGlyphUtilities.m; sourceTree = "<group>"; };
		EA5836FC137F6BDF0074BB72 /* WTMGlyphStroke.h */ = {isa = PBXFileReference; fileEncoding = 4; lastKnownFileType = sourcecode.c.h; path = WTMGlyphStroke.h; sourceTree = "<group>"; };
		EA5836FD137F6BDF0074BB72 /* WTMGlyphStroke.m */ = {isa = PBXFileReference; fileEncoding = 4; lastKnownFileType = sourcecode.c.objc; path = WTMGlyphStroke.m; sourceTree = "<group>"; };
		EA583701138015020074BB72 /* WTMGlyphTemplate.h */ = {isa = PBXFileReference; fileEncoding = 4; lastKnownFileType = sourcecode.c.h; path = WTMGlyphTemplate.h; sourceTree = "<group>"; };
		EA583702138015020074BB72 /* WTMGlyphTemplate.m */ = {isa = PBXFileReference; fileEncoding = 4; lastKnownFileType = sourcecode.c.objc; path = WTMGlyphTemplate.m; sourceTree = "<group>"; };
		EA6C92F6136DA457008AD709 /* libWTMGlyph.a */ = {isa = PBXFileReference; explicitFileType = archive.ar; includeInIndex = 0; path = libWTMGlyph.a; sourceTree = BUILT_PRODUCTS_DIR; };
		EA6C92F9136DA457008AD709 /* Foundation.framework */ = {isa = PBXFileReference; lastKnownFileType = wrapper.framework; name = Foundation.framework; path = System/Library/Frameworks/Foundation.framework; sourceTree = SDKROOT; };
		EA6C92FD136DA457008AD709 /* WTMGlyph-Prefix.pch */ = {isa = PBXFileReference; lastKnownFileType = sourcecode.c.h; path = "WTMGlyph-Prefix.pch"; sourceTree = "<group>"; };
		EA6C9304136DA457008AD709 /* UIKit.framework */ = {isa = PBXFileReference; lastKnownFileType = wrapper.framework; name = UIKit.framework; path = System/Library/Frameworks/UIKit.framework; sourceTree = SDKROOT; };
		EA6C9307136DA457008AD709 /* CoreGraphics.framework */ = {isa = PBXFileReference; lastKnownFileType = wrapper.framework; name = CoreGraphics.framework; path = System/Library/Frameworks/CoreGraphics.framework; sourceTree = SDKROOT; };
		EA6C931F136DA48E008AD709 /* WTMGlyph.h */ = {isa = PBXFileReference; fileEncoding = 4; lastKnownFileType = sourcecode.c.h; path = WTMGlyph.h; sourceTree = "<group>"; };
		EA6C9320136DA48E008AD709 /* WTMGlyph.m */ = {isa = PBXFileReference; fileEncoding = 4; lastKnownFileType = sourcecode.c.objc; path = WTMGlyph.m; sourceTree = "<group>"; };
		EA6C9323136DA5CE008AD709 /* WTMGlyphDetector.h */ = {isa = PBXFileReference; fileEncoding = 4; lastKnownFileType = sourcecode.c.h; path = WTMGlyphDetector.h; sourceTree = "<group>"; };
		EA6C9324136DA5CE008AD709 /* WTMGlyphDetector.m */ = {isa = PBXFileReference; fileEncoding = 4; lastKnownFileType = sourcecode.c.objc; path = WTMGlyphDetector.m; sourceTree = "<group>"; };
		F4B811D91A5A193F00E9994C /* LICENSE */ = {isa = PBXFileReference; fileEncoding = 4; lastKnownFileType = text; path = LICENSE; sourceTree = "<group>"; };
/* End PBXFileReference section */

/* Begin PBXFrameworksBuildPhase section */
		EA6C92F3136DA457008AD709 /* Frameworks */ = {
			isa = PBXFrameworksBuildPhase;
			buildActionMask = 2147483647;
			files = (
				EA6C92FA136DA457008AD709 /* Foundation.framework in Frameworks */,
			);
			runOnlyForDeploymentPostprocessing = 0;
		};
/* End PBXFrameworksBuildPhase section */

/* Begin PBXGroup section */
		EA6C92EB136DA457008AD709 = {
			isa = PBXGroup;
			children = (
				EA6C92FB136DA457008AD709 /* WTMGlyph */,
				EA6C92F8136DA457008AD709 /* Frameworks */,
				EA6C92F7136DA457008AD709 /* Products */,
			);
			sourceTree = "<group>";
		};
		EA6C92F7136DA457008AD709 /* Products */ = {
			isa = PBXGroup;
			children = (
				EA6C92F6136DA457008AD709 /* libWTMGlyph.a */,
			);
			name = Products;
			sourceTree = "<group>";
		};
		EA6C92F8136DA457008AD709 /* Frameworks */ = {
			isa = PBXGroup;
			children = (
				EA6C92F9136DA457008AD709 /* Foundation.framework */,
				EA6C9304136DA457008AD709 /* UIKit.framework */,
				EA6C9307136DA457008AD709 /* CoreGraphics.framework */,
			);
			name = Frameworks;
			sourceTree = "<group>";
		};
		EA6C92FB136DA457008AD709 /* WTMGlyph */ = {
			isa = PBXGroup;
			children = (
				EA6C92FC136DA457008AD709 /* Supporting Files */,
				EA6C931F136DA48E008AD709 /* WTMGlyph.h */,
				EA6C9320136DA48E008AD709 /* WTMGlyph.m */,
				EA6C9323136DA5CE008AD709 /* WTMGlyphDetector.h */,
				EA6C9324136DA5CE008AD709 /* WTMGlyphDetector.m */,
				EA278049136DAD6A00E3065A /* WTMGlyphDelegate.h */,
				EA27804E136DB9D400E3065A /* WTMGlyphDefaults.h */,
				EA27804F136DB9D400E3065A /* WTMGlyphDefaults.m */,
				EA5836FC137F6BDF0074BB72 /* WTMGlyphStroke.h */,
				EA5836FD137F6BDF0074BB72 /* WTMGlyphStroke.m */,
				EA583701138015020074BB72 /* WTMGlyphTemplate.h */,
				EA583702138015020074BB72 /* WTMGlyphTemplate.m */,
				EA4860EB1380411900E40C6C /* WTMGlyphUtilities.h */,
				EA4860EC1380411900E40C6C /* WTMGlyphUtilities.m */,
				F4B811D91A5A193F00E9994C /* LICENSE */,
			);
			path = WTMGlyph;
			sourceTree = "<group>";
		};
		EA6C92FC136DA457008AD709 /* Supporting Files */ = {
			isa = PBXGroup;
			children = (
				EA6C92FD136DA457008AD709 /* WTMGlyph-Prefix.pch */,
			);
			name = "Supporting Files";
			sourceTree = "<group>";
		};
/* End PBXGroup section */

/* Begin PBXHeadersBuildPhase section */
		EA6C92F4136DA457008AD709 /* Headers */ = {
			isa = PBXHeadersBuildPhase;
			buildActionMask = 2147483647;
			files = (
				EA6C9321136DA48E008AD709 /* WTMGlyph.h in Headers */,
				EA6C9325136DA5CE008AD709 /* WTMGlyphDetector.h in Headers */,
				EA27804A136DAD6A00E3065A /* WTMGlyphDelegate.h in Headers */,
				EA278050136DB9D400E3065A /* WTMGlyphDefaults.h in Headers */,
				EA5836FE137F6BDF0074BB72 /* WTMGlyphStroke.h in Headers */,
				EA583703138015020074BB72 /* WTMGlyphTemplate.h in Headers */,
				EA4860ED1380411900E40C6C /* WTMGlyphUtilities.h in Headers */,
			);
			runOnlyForDeploymentPostprocessing = 0;
		};
/* End PBXHeadersBuildPhase section */

/* Begin PBXNativeTarget section */
		EA6C92F5136DA457008AD709 /* WTMGlyph */ = {
			isa = PBXNativeTarget;
			buildConfigurationList = EA6C9319136DA457008AD709 /* Build configuration list for PBXNativeTarget "WTMGlyph" */;
			buildPhases = (
				EA6C92F2136DA457008AD709 /* Sources */,
				EA6C92F3136DA457008AD709 /* Frameworks */,
				EA6C92F4136DA457008AD709 /* Headers */,
			);
			buildRules = (
			);
			dependencies = (
			);
			name = WTMGlyph;
			productName = WTMGlyph;
			productReference = EA6C92F6136DA457008AD709 /* libWTMGlyph.a */;
			productType = "com.apple.product-type.library.static";
		};
/* End PBXNativeTarget section */

/* Begin PBXProject section */
		EA6C92ED136DA457008AD709 /* Project object */ = {
			isa = PBXProject;
			attributes = {
				LastUpgradeCheck = 0610;
				ORGANIZATIONNAME = "Warrior Thief Mage Studios";
			};
			buildConfigurationList = EA6C92F0136DA457008AD709 /* Build configuration list for PBXProject "WTMGlyph" */;
			compatibilityVersion = "Xcode 3.2";
			developmentRegion = English;
			hasScannedForEncodings = 0;
			knownRegions = (
				en,
			);
			mainGroup = EA6C92EB136DA457008AD709;
			productRefGroup = EA6C92F7136DA457008AD709 /* Products */;
			projectDirPath = "";
			projectRoot = "";
			targets = (
				EA6C92F5136DA457008AD709 /* WTMGlyph */,
			);
		};
/* End PBXProject section */

/* Begin PBXSourcesBuildPhase section */
		EA6C92F2136DA457008AD709 /* Sources */ = {
			isa = PBXSourcesBuildPhase;
			buildActionMask = 2147483647;
			files = (
				EA6C9322136DA48E008AD709 /* WTMGlyph.m in Sources */,
				EA6C9326136DA5CE008AD709 /* WTMGlyphDetector.m in Sources */,
				EA278051136DB9D400E3065A /* WTMGlyphDefaults.m in Sources */,
				EA5836FF137F6BDF0074BB72 /* WTMGlyphStroke.m in Sources */,
				EA583704138015020074BB72 /* WTMGlyphTemplate.m in Sources */,
				EA4860EE1380411900E40C6C /* WTMGlyphUtilities.m in Sources */,
			);
			runOnlyForDeploymentPostprocessing = 0;
		};
/* End PBXSourcesBuildPhase section */

/* Begin XCBuildConfiguration section */
		EA6C9317136DA457008AD709 /* Debug */ = {
			isa = XCBuildConfiguration;
			buildSettings = {
				GCC_C_LANGUAGE_STANDARD = gnu99;
				GCC_OPTIMIZATION_LEVEL = 0;
				GCC_PREPROCESSOR_DEFINITIONS = DEBUG;
				GCC_SYMBOLS_PRIVATE_EXTERN = NO;
				GCC_VERSION = com.apple.compilers.llvmgcc42;
				GCC_WARN_ABOUT_RETURN_TYPE = YES;
				GCC_WARN_UNUSED_VARIABLE = YES;
				IPHONEOS_DEPLOYMENT_TARGET = 5.0;
				ONLY_ACTIVE_ARCH = YES;
				SDKROOT = iphoneos;
				SKIP_INSTALL = NO;
			};
			name = Debug;
		};
		EA6C9318136DA457008AD709 /* Release */ = {
			isa = XCBuildConfiguration;
			buildSettings = {
				GCC_C_LANGUAGE_STANDARD = gnu99;
				GCC_VERSION = com.apple.compilers.llvmgcc42;
				GCC_WARN_ABOUT_RETURN_TYPE = YES;
				GCC_WARN_UNUSED_VARIABLE = YES;
				IPHONEOS_DEPLOYMENT_TARGET = 5.0;
				SDKROOT = iphoneos;
				SKIP_INSTALL = NO;
			};
			name = Release;
		};
		EA6C931A136DA457008AD709 /* Debug */ = {
			isa = XCBuildConfiguration;
			buildSettings = {
				ALWAYS_SEARCH_USER_PATHS = NO;
				CLANG_ENABLE_OBJC_ARC = YES;
				DSTROOT = /tmp/WTMGlyph.dst;
				GCC_PRECOMPILE_PREFIX_HEADER = YES;
				GCC_PREFIX_HEADER = "WTMGlyph/WTMGlyph-Prefix.pch";
				GCC_VERSION = com.apple.compilers.llvm.clang.1_0;
				INSTALL_PATH = /tmp;
				OTHER_LDFLAGS = "-ObjC";
				PRODUCT_NAME = "$(TARGET_NAME)";
				SKIP_INSTALL = YES;
			};
			name = Debug;
		};
		EA6C931B136DA457008AD709 /* Release */ = {
			isa = XCBuildConfiguration;
			buildSettings = {
				ALWAYS_SEARCH_USER_PATHS = NO;
				CLANG_ENABLE_OBJC_ARC = YES;
				DSTROOT = /tmp/WTMGlyph.dst;
				GCC_PRECOMPILE_PREFIX_HEADER = YES;
				GCC_PREFIX_HEADER = "WTMGlyph/WTMGlyph-Prefix.pch";
				GCC_VERSION = com.apple.compilers.llvm.clang.1_0;
				INSTALL_PATH = /tmp;
				OTHER_LDFLAGS = "-ObjC";
				PRODUCT_NAME = "$(TARGET_NAME)";
				SKIP_INSTALL = YES;
			};
			name = Release;
		};
/* End XCBuildConfiguration section */

/* Begin XCConfigurationList section */
		EA6C92F0136DA457008AD709 /* Build configuration list for PBXProject "WTMGlyph" */ = {
			isa = XCConfigurationList;
			buildConfigurations = (
				EA6C9317136DA457008AD709 /* Debug */,
				EA6C9318136DA457008AD709 /* Release */,
			);
			defaultConfigurationIsVisible = 0;
			defaultConfigurationName = Release;
		};
		EA6C9319136DA457008AD709 /* Build configuration list for PBXNativeTarget "WTMGlyph" */ = {
			isa = XCConfigurationList;
			buildConfigurations = (
				EA6C931A136DA457008AD709 /* Debug */,
				EA6C931B136DA457008AD709 /* Release */,
			);
			defaultConfigurationIsVisible = 0;
			defaultConfigurationName = Release;
		};
/* End XCConfigurationList section */
	};
	rootObject = EA6C92ED136DA457008AD709 /* Project object */;
}
